
Microsoft Visual Studio Solution File, Format Version 12.00
# Visual Studio 2012
Project("{FAE04EC0-301F-11D3-BF4B-00C04F79EFBC}") = "KevPOS.ValueObjects", "KevPOS.ValueObjects\KevPOS.ValueObjects.csproj", "{B72B5AD8-D590-4D54-AD37-8007C87BFBB7}"
EndProject
Project("{FAE04EC0-301F-11D3-BF4B-00C04F79EFBC}") = "KevPOS.IdGenerator", "KevPOS.IdGenerator\KevPOS.IdGenerator.csproj", "{284EA122-C129-4EEF-A3A9-3A2CE6C5725C}"
EndProject
Project("{FAE04EC0-301F-11D3-BF4B-00C04F79EFBC}") = "KevPOS.Messages", "KevPOS.Messages\KevPOS.Messages.csproj", "{1A9AA7EE-1548-4CBD-9E0C-CB10BBD05D24}"
EndProject
Project("{FAE04EC0-301F-11D3-BF4B-00C04F79EFBC}") = "KevPOS.EventRepository", "KevPOS.EventRepository\KevPOS.EventRepository.csproj", "{E1FA5E79-11BE-4367-8EE2-3C31279E1663}"
EndProject
Project("{FAE04EC0-301F-11D3-BF4B-00C04F79EFBC}") = "KevPOS.EventStore", "KevPOS.EventStore\KevPOS.EventStore.csproj", "{D70D0A1D-12DE-4849-8700-E0C2DEE27305}"
EndProject
Project("{FAE04EC0-301F-11D3-BF4B-00C04F79EFBC}") = "KevPOS.InMemoryBus", "KevPOS.InMemoryBus\KevPOS.InMemoryBus.csproj", "{A1EA24CD-3EA2-420D-B447-E985174684B6}"
EndProject
Project("{FAE04EC0-301F-11D3-BF4B-00C04F79EFBC}") = "KevPOS.ValueObjects.Tests", "KevPOS.ValueObjects.Tests\KevPOS.ValueObjects.Tests.csproj", "{2D64C2F0-77DF-4A0D-AF6F-EC7C8FC2B916}"
EndProject
Project("{2150E333-8FDC-42A3-9474-1A3956D46DE8}") = ".nuget", ".nuget", "{E0A9EC84-9A39-4800-9FBF-EB16C3A5E378}"
	ProjectSection(SolutionItems) = preProject
		.nuget\NuGet.Config = .nuget\NuGet.Config
		.nuget\NuGet.exe = .nuget\NuGet.exe
		.nuget\NuGet.targets = .nuget\NuGet.targets
	EndProjectSection
EndProject
Project("{FAE04EC0-301F-11D3-BF4B-00C04F79EFBC}") = "KevPOS.Db.Infrastructure", "KevPOS.Infrastureture\KevPOS.Db.Infrastructure.csproj", "{1BF374EF-7309-45D4-8F4F-B299C5A0376D}"
EndProject
Project("{2150E333-8FDC-42A3-9474-1A3956D46DE8}") = "Domain", "Domain", "{190ECC68-D9D0-4E97-836D-8866E0258632}"
EndProject
Project("{2150E333-8FDC-42A3-9474-1A3956D46DE8}") = "Database", "Database", "{801404AD-504A-453D-9DE4-9C3C9CB673E2}"
EndProject
Project("{2150E333-8FDC-42A3-9474-1A3956D46DE8}") = "Infrastructure", "Infrastructure", "{33B77733-DEA4-4D63-99A5-FA407AB80D6D}"
EndProject
Project("{2150E333-8FDC-42A3-9474-1A3956D46DE8}") = "ValueObjects", "ValueObjects", "{7AC10403-4DA9-454C-A4E1-A4D00D0EBC9D}"
EndProject
Project("{FAE04EC0-301F-11D3-BF4B-00C04F79EFBC}") = "KevPOS.Domain.Aggregates", "KevPOS.Domain.Aggregates\KevPOS.Domain.Aggregates.csproj", "{993EE855-6C36-49E7-AD76-AD9C9888B06B}"
EndProject
Project("{2150E333-8FDC-42A3-9474-1A3956D46DE8}") = "Test", "Test", "{9E6252F7-11B6-4951-A1D1-452B6848AB83}"
EndProject
Project("{FAE04EC0-301F-11D3-BF4B-00C04F79EFBC}") = "TestHelpers", "TestHelpers\TestHelpers.csproj", "{25334201-08C8-4530-AAD1-5AE95BC8252A}"
EndProject
Project("{FAE04EC0-301F-11D3-BF4B-00C04F79EFBC}") = "KevPOS.EventsProcessor", "KevPOS.EventsProcessor\KevPOS.EventsProcessor.csproj", "{6CA6F8BC-AA63-4AD8-B1C0-2E7F34FA81C7}"
EndProject
Project("{FAE04EC0-301F-11D3-BF4B-00C04F79EFBC}") = "FirstOneTo.Domain", "FirstOneTo.Domain\FirstOneTo.Domain.csproj", "{EDA0BECF-07B9-437B-BDEC-D4AE4391D3AF}"
EndProject
Project("{FAE04EC0-301F-11D3-BF4B-00C04F79EFBC}") = "FirstOneTo.Domain.Tests", "FirstOneTo.Domain.Tests\FirstOneTo.Domain.Tests.csproj", "{9AA93923-4186-4EA9-82DA-7126B239749F}"
EndProject
Project("{FAE04EC0-301F-11D3-BF4B-00C04F79EFBC}") = "FirstOneTo.Events", "FirstOneTo.Events\FirstOneTo.Events.csproj", "{0A078EDB-0F73-448C-B3E1-8DBAD8F88D53}"
EndProject
Project("{FAE04EC0-301F-11D3-BF4B-00C04F79EFBC}") = "FirstOneTo.Domain.Service", "FirstOneTo.Domain.Service\FirstOneTo.Domain.Service.csproj", "{68FD2697-FAAB-4CBA-9A14-D630E3F362AF}"
EndProject
Project("{FAE04EC0-301F-11D3-BF4B-00C04F79EFBC}") = "FirstOneTo.Commands", "FirstOneTo.Commands\FirstOneTo.Commands.csproj", "{37D0509F-3757-4976-9CF7-55A2CE0754F6}"
EndProject
Project("{FAE04EC0-301F-11D3-BF4B-00C04F79EFBC}") = "FirstOneTo.Domain.Service.Tests", "FirstOneTo.Service.Tests\FirstOneTo.Domain.Service.Tests.csproj", "{C83B773A-5493-4AFA-B46B-13C6C0FF11A5}"
EndProject
Project("{FAE04EC0-301F-11D3-BF4B-00C04F79EFBC}") = "FirstOneTo.CommandProcessor.Tests", "FirstOneTo.CommandProcessor.Tests\FirstOneTo.CommandProcessor.Tests.csproj", "{B09D2AAA-E20B-45EF-987B-B327B4DC0DA1}"
EndProject
Project("{FAE04EC0-301F-11D3-BF4B-00C04F79EFBC}") = "FirstOneTo.CommandProcessor", "FirstOneTo.CommandProcessor\FirstOneTo.CommandProcessor.csproj", "{9DFF0FEB-6EC2-4168-B035-D2E620C52675}"
EndProject
Project("{2150E333-8FDC-42A3-9474-1A3956D46DE8}") = "Logging", "Logging", "{2CBF5976-5131-49B8-B1F7-53ED0E9ED4BF}"
EndProject
Project("{FAE04EC0-301F-11D3-BF4B-00C04F79EFBC}") = "KevPOS.Logging.Infrastructure", "KevPOS.Logging.Infrastructure\KevPOS.Logging.Infrastructure.csproj", "{07C2D256-0501-4B66-8B7E-63B74656D929}"
EndProject
Project("{2150E333-8FDC-42A3-9474-1A3956D46DE8}") = "Serialisation", "Serialisation", "{003A9C6A-4B71-48CB-A844-A7B9FA7324FB}"
EndProject
Project("{FAE04EC0-301F-11D3-BF4B-00C04F79EFBC}") = "KevPOS.Serialisation.Infrasturcture", "KevPOS.Serialisation.Infrasturcture\KevPOS.Serialisation.Infrasturcture.csproj", "{D5368E15-12A8-4036-B82E-349E0F295182}"
EndProject
Project("{2150E333-8FDC-42A3-9474-1A3956D46DE8}") = "TypeExtensions", "TypeExtensions", "{6C7EE46C-ECBF-49C7-AAD6-5FFC279A9D80}"
EndProject
Project("{FAE04EC0-301F-11D3-BF4B-00C04F79EFBC}") = "KevPOS.TypeExtensions.Infrastructure", "KevPOS.TypeExtensions.Infrastructure\KevPOS.TypeExtensions.Infrastructure.csproj", "{6E2166D8-B022-4D69-B0C5-74832BEA4495}"
EndProject
Project("{FAE04EC0-301F-11D3-BF4B-00C04F79EFBC}") = "FirstOneTo.Authentication", "FirstOneTo.Domain.Authentication\FirstOneTo.Authentication.csproj", "{8E49964C-7781-4ABF-AFC4-B2CEFE7BA63C}"
EndProject
Project("{FAE04EC0-301F-11D3-BF4B-00C04F79EFBC}") = "KevPOS.IdGenerator.Tests", "KevPOS.IdGenerator.Tests\KevPOS.IdGenerator.Tests.csproj", "{99A2848A-2F40-4C1C-9789-6F2241779DE0}"
EndProject
Project("{FAE04EC0-301F-11D3-BF4B-00C04F79EFBC}") = "FirstOneTo.Authentication.Service", "FirstOneTo.Authentication.Service\FirstOneTo.Authentication.Service.csproj", "{3F8DE726-720C-49E2-843D-5155A89F4EC0}"
EndProject
Project("{FAE04EC0-301F-11D3-BF4B-00C04F79EFBC}") = "FirstOneTo.Authentication.Service.Tests", "FirstOneTo.Authentication.Service.Tests\FirstOneTo.Authentication.Service.Tests.csproj", "{09099565-1050-4E99-85A9-0730EDDC7161}"
EndProject
Project("{FAE04EC0-301F-11D3-BF4B-00C04F79EFBC}") = "FirstOneTo.EventHandlers", "FirstOneTo.EventHandlers\FirstOneTo.EventHandlers.csproj", "{3D170CA9-5FB8-4F75-AC38-188CC8FD9331}"
EndProject
Project("{FAE04EC0-301F-11D3-BF4B-00C04F79EFBC}") = "FirstOneTo.EventsProcessor.Tests", "FirstOneTo.EventsProcessor.Tests\FirstOneTo.EventsProcessor.Tests.csproj", "{73A1C4BA-7960-47C3-B111-472D979BBFD7}"
EndProject
Project("{FAE04EC0-301F-11D3-BF4B-00C04F79EFBC}") = "FirstOneTo.Query.Models", "FirstOneTo.Models\FirstOneTo.Query.Models.csproj", "{F74B53E7-7C52-413D-8991-DA1CE754D5E9}"
EndProject
Project("{2150E333-8FDC-42A3-9474-1A3956D46DE8}") = "Query", "Query", "{A647126F-25BB-4D4C-AFFE-D48C4DDBC57E}"
EndProject
Project("{FAE04EC0-301F-11D3-BF4B-00C04F79EFBC}") = "FirstOneTo.Query.Services", "FirstOneTo.Readmodel.Services\FirstOneTo.Query.Services.csproj", "{9BA93241-A825-4421-BEC2-35DC35F1B170}"
EndProject
Project("{FAE04EC0-301F-11D3-BF4B-00C04F79EFBC}") = "FirstOneTo.Query.Services.Tests", "FirstOneTo.Readmodel.Services.Tests\FirstOneTo.Query.Services.Tests.csproj", "{E2D75C40-761F-4B39-B30A-586C4C3F1522}"
EndProject
Project("{FAE04EC0-301F-11D3-BF4B-00C04F79EFBC}") = "FirstOneTo.Infrastructure", "FirstOneTo.ReadModel.Infrastructure\FirstOneTo.Infrastructure.csproj", "{F6C6D26D-AF52-42BD-B719-F6DA5B78940E}"
EndProject
Project("{FAE04EC0-301F-11D3-BF4B-00C04F79EFBC}") = "FirstOneTo.Handlers", "FirstOneTo.Handlers\FirstOneTo.Handlers.csproj", "{6D60B99E-68D8-4E03-8F0A-BB1E6DD6EFAD}"
EndProject
Project("{FAE04EC0-301F-11D3-BF4B-00C04F79EFBC}") = "FirstOneTo.Handlers.Tests", "FirstOneTo.Handlers.Tests\FirstOneTo.Handlers.Tests.csproj", "{B540EF14-EB76-40E7-B848-FB244CB66000}"
EndProject
Project("{2150E333-8FDC-42A3-9474-1A3956D46DE8}") = "FileStore", "FileStore", "{39A4C4D5-CABF-4851-9BC6-F3861823B7A4}"
EndProject
Project("{FAE04EC0-301F-11D3-BF4B-00C04F79EFBC}") = "FirstOneTo.FileStore", "FirstOneTo.FileStore\FirstOneTo.FileStore.csproj", "{2A2BF10D-81CE-49B1-A28B-7E63C34A84FF}"
EndProject
Project("{FAE04EC0-301F-11D3-BF4B-00C04F79EFBC}") = "FirstOneTo.FileStore.Tests", "FirstOneTo.FileStore.Tests\FirstOneTo.FileStore.Tests.csproj", "{B0525220-7F8E-43BD-A32C-1ADE7881AF25}"
EndProject
Project("{FAE04EC0-301F-11D3-BF4B-00C04F79EFBC}") = "KevPOS.EventStore.Tests", "KevPOS.EventStore.Tests\KevPOS.EventStore.Tests.csproj", "{2829395F-0909-41C9-8EE0-7ABAA34DB690}"
EndProject
Project("{FAE04EC0-301F-11D3-BF4B-00C04F79EFBC}") = "FirstOneTo.Azure.Entities", "FirstOneTo.Azure.Entities\FirstOneTo.Azure.Entities.csproj", "{04FB3532-5EF1-4C7F-B54D-846D5837A44A}"
EndProject
Project("{FAE04EC0-301F-11D3-BF4B-00C04F79EFBC}") = "FirstOneTo.Infrastructure.Tests", "FirstOneTo.ReadModel.Infrastructure.Tests\FirstOneTo.Infrastructure.Tests.csproj", "{0683A3B9-72E4-4E21-8417-998DAE6B6D8B}"
EndProject
Project("{2150E333-8FDC-42A3-9474-1A3956D46DE8}") = "Helpers", "Helpers", "{45DC2D0C-B4C2-4460-8D56-699E62AA8F2E}"
EndProject
Project("{FAE04EC0-301F-11D3-BF4B-00C04F79EFBC}") = "FirstOneTo.Helpers", "FirstOneTo.Helpers\FirstOneTo.Helpers.csproj", "{AA9A97D7-CC3C-46AA-A037-FE081EEE0093}"
EndProject
Project("{FAE04EC0-301F-11D3-BF4B-00C04F79EFBC}") = "FistOneTo.Bootstrapper", "FistOneTo.Bootstrapper\FistOneTo.Bootstrapper.csproj", "{4D1FC6DA-E6D8-4394-8C98-510B8B880394}"
EndProject
Project("{FAE04EC0-301F-11D3-BF4B-00C04F79EFBC}") = "FirstOneTo.CommandSender", "FirstOneTo.CommandSender\FirstOneTo.CommandSender.csproj", "{BAE4EC6A-1EDD-47B1-9A7B-B4138B5A3E1E}"
EndProject
Project("{2150E333-8FDC-42A3-9474-1A3956D46DE8}") = "Email", "Email", "{B2646696-C1E4-4C5A-84F9-C3D6297FE8B9}"
EndProject
Project("{FAE04EC0-301F-11D3-BF4B-00C04F79EFBC}") = "FirstOneTo.EmailSender", "FirstOneTo.EmailSender\FirstOneTo.EmailSender.csproj", "{D944F9AF-6520-4572-ACDD-2A743AFEB26A}"
EndProject
Project("{FAE04EC0-301F-11D3-BF4B-00C04F79EFBC}") = "FirstOneTo.EmailSender.Tests", "FirstOneTo.EmailSender.Tests\FirstOneTo.EmailSender.Tests.csproj", "{1DE228EE-DD79-4237-BF95-A6D0FC6116BB}"
EndProject
Project("{FAE04EC0-301F-11D3-BF4B-00C04F79EFBC}") = "FirstOneTo.CommandValidation", "FirstOneTo.CommandValidation\FirstOneTo.CommandValidation.csproj", "{727588D6-4CD4-436A-8F62-C9C52E0A7B5E}"
EndProject
Project("{FAE04EC0-301F-11D3-BF4B-00C04F79EFBC}") = "FirstOneTo.CommandValidation.Tests", "FirstOneTo.CommandValidation.Tests\FirstOneTo.CommandValidation.Tests.csproj", "{DA0686B1-17F5-4C1D-AC23-7EF9CE557A17}"
EndProject
Project("{FAE04EC0-301F-11D3-BF4B-00C04F79EFBC}") = "FirstOneTo.Helpers.Tests", "FirstOneTo.Helpers.Tests\FirstOneTo.Helpers.Tests.csproj", "{030B0ABC-93E6-4FB7-B2C6-826FEC1C96EB}"
EndProject
Project("{FAE04EC0-301F-11D3-BF4B-00C04F79EFBC}") = "FirstOneTo.EventsPublisher", "FirstOneTo.EventsPublisher\FirstOneTo.EventsPublisher.csproj", "{73F42B42-FF7A-4A51-AA64-B5338D56A7B1}"
EndProject
Project("{FAE04EC0-301F-11D3-BF4B-00C04F79EFBC}") = "FirstOneTo.EventsPublisher.Tests", "FirstOneTo.EventsPublisher.Tests\FirstOneTo.EventsPublisher.Tests.csproj", "{5188A6A2-020E-44AB-95B8-77C2423CF8BC}"
EndProject
Project("{FAE04EC0-301F-11D3-BF4B-00C04F79EFBC}") = "CQRSES.Command.Api", "CQRSES.Command.Api\CQRSES.Command.Api.csproj", "{B112190E-BE43-4521-AB89-A92AB3C4156D}"
EndProject
Project("{FAE04EC0-301F-11D3-BF4B-00C04F79EFBC}") = "CQRSES.Command.Api.Tests", "CQRSES.Command.Api.Tests\CQRSES.Command.Api.Tests.csproj", "{C56C6973-B1C4-4F3F-8AE9-9DF2ABBEFACF}"
EndProject
Project("{FAE04EC0-301F-11D3-BF4B-00C04F79EFBC}") = "CQRSES.Query.Api", "CQRSES.Query.Api\CQRSES.Query.Api.csproj", "{90516F96-99BB-4158-B446-6DBD518485C7}"
EndProject
Project("{FAE04EC0-301F-11D3-BF4B-00C04F79EFBC}") = "CQRSES.Query.Api.Tests", "CQRSES.Query.Api.Tests\CQRSES.Query.Api.Tests.csproj", "{94D883AB-2BAE-4E42-962E-82DAA619D75D}"
EndProject
Project("{2150E333-8FDC-42A3-9474-1A3956D46DE8}") = "Command", "Command", "{1E43D6BC-F4FD-42AB-A329-01807A0A99A5}"
EndProject
Project("{FAE04EC0-301F-11D3-BF4B-00C04F79EFBC}") = "CQRSES.Command.Services", "CQRSES.Command.Services\CQRSES.Command.Services.csproj", "{8274937F-82D8-4E5E-B8A9-3928F95AE070}"
EndProject
Project("{2150E333-8FDC-42A3-9474-1A3956D46DE8}") = "Event", "Event", "{D41C4093-83F9-4C88-961B-18E53FCFE733}"
EndProject
Project("{2150E333-8FDC-42A3-9474-1A3956D46DE8}") = "API", "API", "{86AA3BCF-E0E7-4BF2-90E1-38930BD48D05}"
EndProject
Project("{2150E333-8FDC-42A3-9474-1A3956D46DE8}") = "Api", "Api", "{47A7B0D2-49B1-4CC2-B307-2536B4106730}"
EndProject
Project("{2150E333-8FDC-42A3-9474-1A3956D46DE8}") = "Services", "Services", "{27F7BD6E-63DF-464A-941F-7D0DBC2973DC}"
EndProject
Project("{FAE04EC0-301F-11D3-BF4B-00C04F79EFBC}") = "CQRSES.Command.Services.Tests", "CQRSES.Command.Services.Tests\CQRSES.Command.Services.Tests.csproj", "{B41EC042-8B6D-4094-958E-D8130C199D0A}"
EndProject
Project("{2150E333-8FDC-42A3-9474-1A3956D46DE8}") = "Handlers", "Handlers", "{F6EA4355-50F6-4BBC-B9C6-D02FC352A799}"
EndProject
Project("{2150E333-8FDC-42A3-9474-1A3956D46DE8}") = "Infrastructure", "Infrastructure", "{5AE56986-EA6E-4013-84DC-36DC16FE3966}"
EndProject
Project("{2150E333-8FDC-42A3-9474-1A3956D46DE8}") = "Handlers", "Handlers", "{98DB3A84-5E39-40A9-A2C7-8384CAC55D4E}"
EndProject
Project("{FAE04EC0-301F-11D3-BF4B-00C04F79EFBC}") = "FirstOneTo.EventHandlers.Tests", "FirstOneTo.EventHandlers.Tests\FirstOneTo.EventHandlers.Tests.csproj", "{BE0B3E45-1D06-4FFC-9CA1-82BC85280EC0}"
EndProject
Project("{2150E333-8FDC-42A3-9474-1A3956D46DE8}") = "Infrastructure", "Infrastructure", "{4C18E0E0-2E7C-4553-AE96-296096E29C75}"
EndProject
Project("{2150E333-8FDC-42A3-9474-1A3956D46DE8}") = "Services", "Services", "{72EEA819-CC69-4C52-A8A5-0D5C8374C771}"
EndProject
Project("{2150E333-8FDC-42A3-9474-1A3956D46DE8}") = "Models", "Models", "{1B2BB4A1-86C2-4E04-9829-D9B4C4AB35EF}"
EndProject
Project("{2150E333-8FDC-42A3-9474-1A3956D46DE8}") = "Services", "Services", "{35037B6E-78F6-4DFE-A51A-0F6B8788D11D}"
EndProject
Project("{2150E333-8FDC-42A3-9474-1A3956D46DE8}") = "Services", "Services", "{B32FCFC2-0B2F-466A-9666-9576FDA9767F}"
EndProject
Project("{2150E333-8FDC-42A3-9474-1A3956D46DE8}") = "Commands", "Commands", "{122BC03F-48DB-4930-BA38-E1C5A17D454A}"
EndProject
Project("{2150E333-8FDC-42A3-9474-1A3956D46DE8}") = "Events", "Events", "{B409E5A2-9222-4E49-A3C9-6C7AEBF1015F}"
EndProject
Project("{2150E333-8FDC-42A3-9474-1A3956D46DE8}") = "Infrastructure", "Infrastructure", "{91306092-DDD0-46DB-80D8-54FB9A7757B9}"
EndProject
Project("{2150E333-8FDC-42A3-9474-1A3956D46DE8}") = "Domains", "Domains", "{CC31A96A-C210-4C01-9D6C-52B410F502D3}"
EndProject
Global
	GlobalSection(SolutionConfigurationPlatforms) = preSolution
		Debug|Any CPU = Debug|Any CPU
		Release|Any CPU = Release|Any CPU
	EndGlobalSection
	GlobalSection(ProjectConfigurationPlatforms) = postSolution
		{B72B5AD8-D590-4D54-AD37-8007C87BFBB7}.Debug|Any CPU.ActiveCfg = Debug|Any CPU
		{B72B5AD8-D590-4D54-AD37-8007C87BFBB7}.Debug|Any CPU.Build.0 = Debug|Any CPU
		{B72B5AD8-D590-4D54-AD37-8007C87BFBB7}.Release|Any CPU.ActiveCfg = Release|Any CPU
		{B72B5AD8-D590-4D54-AD37-8007C87BFBB7}.Release|Any CPU.Build.0 = Release|Any CPU
		{284EA122-C129-4EEF-A3A9-3A2CE6C5725C}.Debug|Any CPU.ActiveCfg = Debug|Any CPU
		{284EA122-C129-4EEF-A3A9-3A2CE6C5725C}.Debug|Any CPU.Build.0 = Debug|Any CPU
		{284EA122-C129-4EEF-A3A9-3A2CE6C5725C}.Release|Any CPU.ActiveCfg = Release|Any CPU
		{284EA122-C129-4EEF-A3A9-3A2CE6C5725C}.Release|Any CPU.Build.0 = Release|Any CPU
		{1A9AA7EE-1548-4CBD-9E0C-CB10BBD05D24}.Debug|Any CPU.ActiveCfg = Debug|Any CPU
		{1A9AA7EE-1548-4CBD-9E0C-CB10BBD05D24}.Debug|Any CPU.Build.0 = Debug|Any CPU
		{1A9AA7EE-1548-4CBD-9E0C-CB10BBD05D24}.Release|Any CPU.ActiveCfg = Release|Any CPU
		{1A9AA7EE-1548-4CBD-9E0C-CB10BBD05D24}.Release|Any CPU.Build.0 = Release|Any CPU
		{E1FA5E79-11BE-4367-8EE2-3C31279E1663}.Debug|Any CPU.ActiveCfg = Debug|Any CPU
		{E1FA5E79-11BE-4367-8EE2-3C31279E1663}.Debug|Any CPU.Build.0 = Debug|Any CPU
		{E1FA5E79-11BE-4367-8EE2-3C31279E1663}.Release|Any CPU.ActiveCfg = Release|Any CPU
		{E1FA5E79-11BE-4367-8EE2-3C31279E1663}.Release|Any CPU.Build.0 = Release|Any CPU
		{D70D0A1D-12DE-4849-8700-E0C2DEE27305}.Debug|Any CPU.ActiveCfg = Debug|Any CPU
		{D70D0A1D-12DE-4849-8700-E0C2DEE27305}.Debug|Any CPU.Build.0 = Debug|Any CPU
		{D70D0A1D-12DE-4849-8700-E0C2DEE27305}.Release|Any CPU.ActiveCfg = Release|Any CPU
		{D70D0A1D-12DE-4849-8700-E0C2DEE27305}.Release|Any CPU.Build.0 = Release|Any CPU
		{A1EA24CD-3EA2-420D-B447-E985174684B6}.Debug|Any CPU.ActiveCfg = Debug|Any CPU
		{A1EA24CD-3EA2-420D-B447-E985174684B6}.Debug|Any CPU.Build.0 = Debug|Any CPU
		{A1EA24CD-3EA2-420D-B447-E985174684B6}.Release|Any CPU.ActiveCfg = Release|Any CPU
		{A1EA24CD-3EA2-420D-B447-E985174684B6}.Release|Any CPU.Build.0 = Release|Any CPU
		{2D64C2F0-77DF-4A0D-AF6F-EC7C8FC2B916}.Debug|Any CPU.ActiveCfg = Debug|Any CPU
		{2D64C2F0-77DF-4A0D-AF6F-EC7C8FC2B916}.Debug|Any CPU.Build.0 = Debug|Any CPU
		{2D64C2F0-77DF-4A0D-AF6F-EC7C8FC2B916}.Release|Any CPU.ActiveCfg = Release|Any CPU
		{2D64C2F0-77DF-4A0D-AF6F-EC7C8FC2B916}.Release|Any CPU.Build.0 = Release|Any CPU
		{1BF374EF-7309-45D4-8F4F-B299C5A0376D}.Debug|Any CPU.ActiveCfg = Debug|Any CPU
		{1BF374EF-7309-45D4-8F4F-B299C5A0376D}.Debug|Any CPU.Build.0 = Debug|Any CPU
		{1BF374EF-7309-45D4-8F4F-B299C5A0376D}.Release|Any CPU.ActiveCfg = Release|Any CPU
		{1BF374EF-7309-45D4-8F4F-B299C5A0376D}.Release|Any CPU.Build.0 = Release|Any CPU
		{993EE855-6C36-49E7-AD76-AD9C9888B06B}.Debug|Any CPU.ActiveCfg = Debug|Any CPU
		{993EE855-6C36-49E7-AD76-AD9C9888B06B}.Debug|Any CPU.Build.0 = Debug|Any CPU
		{993EE855-6C36-49E7-AD76-AD9C9888B06B}.Release|Any CPU.ActiveCfg = Release|Any CPU
		{993EE855-6C36-49E7-AD76-AD9C9888B06B}.Release|Any CPU.Build.0 = Release|Any CPU
		{25334201-08C8-4530-AAD1-5AE95BC8252A}.Debug|Any CPU.ActiveCfg = Debug|Any CPU
		{25334201-08C8-4530-AAD1-5AE95BC8252A}.Debug|Any CPU.Build.0 = Debug|Any CPU
		{25334201-08C8-4530-AAD1-5AE95BC8252A}.Release|Any CPU.ActiveCfg = Release|Any CPU
		{25334201-08C8-4530-AAD1-5AE95BC8252A}.Release|Any CPU.Build.0 = Release|Any CPU
		{6CA6F8BC-AA63-4AD8-B1C0-2E7F34FA81C7}.Debug|Any CPU.ActiveCfg = Debug|Any CPU
		{6CA6F8BC-AA63-4AD8-B1C0-2E7F34FA81C7}.Debug|Any CPU.Build.0 = Debug|Any CPU
		{6CA6F8BC-AA63-4AD8-B1C0-2E7F34FA81C7}.Release|Any CPU.ActiveCfg = Release|Any CPU
		{6CA6F8BC-AA63-4AD8-B1C0-2E7F34FA81C7}.Release|Any CPU.Build.0 = Release|Any CPU
		{EDA0BECF-07B9-437B-BDEC-D4AE4391D3AF}.Debug|Any CPU.ActiveCfg = Debug|Any CPU
		{EDA0BECF-07B9-437B-BDEC-D4AE4391D3AF}.Debug|Any CPU.Build.0 = Debug|Any CPU
		{EDA0BECF-07B9-437B-BDEC-D4AE4391D3AF}.Release|Any CPU.ActiveCfg = Release|Any CPU
		{EDA0BECF-07B9-437B-BDEC-D4AE4391D3AF}.Release|Any CPU.Build.0 = Release|Any CPU
		{9AA93923-4186-4EA9-82DA-7126B239749F}.Debug|Any CPU.ActiveCfg = Debug|Any CPU
		{9AA93923-4186-4EA9-82DA-7126B239749F}.Debug|Any CPU.Build.0 = Debug|Any CPU
		{9AA93923-4186-4EA9-82DA-7126B239749F}.Release|Any CPU.ActiveCfg = Release|Any CPU
		{9AA93923-4186-4EA9-82DA-7126B239749F}.Release|Any CPU.Build.0 = Release|Any CPU
		{0A078EDB-0F73-448C-B3E1-8DBAD8F88D53}.Debug|Any CPU.ActiveCfg = Debug|Any CPU
		{0A078EDB-0F73-448C-B3E1-8DBAD8F88D53}.Debug|Any CPU.Build.0 = Debug|Any CPU
		{0A078EDB-0F73-448C-B3E1-8DBAD8F88D53}.Release|Any CPU.ActiveCfg = Release|Any CPU
		{0A078EDB-0F73-448C-B3E1-8DBAD8F88D53}.Release|Any CPU.Build.0 = Release|Any CPU
		{68FD2697-FAAB-4CBA-9A14-D630E3F362AF}.Debug|Any CPU.ActiveCfg = Debug|Any CPU
		{68FD2697-FAAB-4CBA-9A14-D630E3F362AF}.Debug|Any CPU.Build.0 = Debug|Any CPU
		{68FD2697-FAAB-4CBA-9A14-D630E3F362AF}.Release|Any CPU.ActiveCfg = Release|Any CPU
		{68FD2697-FAAB-4CBA-9A14-D630E3F362AF}.Release|Any CPU.Build.0 = Release|Any CPU
		{37D0509F-3757-4976-9CF7-55A2CE0754F6}.Debug|Any CPU.ActiveCfg = Debug|Any CPU
		{37D0509F-3757-4976-9CF7-55A2CE0754F6}.Debug|Any CPU.Build.0 = Debug|Any CPU
		{37D0509F-3757-4976-9CF7-55A2CE0754F6}.Release|Any CPU.ActiveCfg = Release|Any CPU
		{37D0509F-3757-4976-9CF7-55A2CE0754F6}.Release|Any CPU.Build.0 = Release|Any CPU
		{C83B773A-5493-4AFA-B46B-13C6C0FF11A5}.Debug|Any CPU.ActiveCfg = Debug|Any CPU
		{C83B773A-5493-4AFA-B46B-13C6C0FF11A5}.Debug|Any CPU.Build.0 = Debug|Any CPU
		{C83B773A-5493-4AFA-B46B-13C6C0FF11A5}.Release|Any CPU.ActiveCfg = Release|Any CPU
		{C83B773A-5493-4AFA-B46B-13C6C0FF11A5}.Release|Any CPU.Build.0 = Release|Any CPU
		{B09D2AAA-E20B-45EF-987B-B327B4DC0DA1}.Debug|Any CPU.ActiveCfg = Debug|Any CPU
		{B09D2AAA-E20B-45EF-987B-B327B4DC0DA1}.Debug|Any CPU.Build.0 = Debug|Any CPU
		{B09D2AAA-E20B-45EF-987B-B327B4DC0DA1}.Release|Any CPU.ActiveCfg = Release|Any CPU
		{B09D2AAA-E20B-45EF-987B-B327B4DC0DA1}.Release|Any CPU.Build.0 = Release|Any CPU
		{9DFF0FEB-6EC2-4168-B035-D2E620C52675}.Debug|Any CPU.ActiveCfg = Debug|Any CPU
		{9DFF0FEB-6EC2-4168-B035-D2E620C52675}.Debug|Any CPU.Build.0 = Debug|Any CPU
		{9DFF0FEB-6EC2-4168-B035-D2E620C52675}.Release|Any CPU.ActiveCfg = Release|Any CPU
		{9DFF0FEB-6EC2-4168-B035-D2E620C52675}.Release|Any CPU.Build.0 = Release|Any CPU
		{07C2D256-0501-4B66-8B7E-63B74656D929}.Debug|Any CPU.ActiveCfg = Debug|Any CPU
		{07C2D256-0501-4B66-8B7E-63B74656D929}.Debug|Any CPU.Build.0 = Debug|Any CPU
		{07C2D256-0501-4B66-8B7E-63B74656D929}.Release|Any CPU.ActiveCfg = Release|Any CPU
		{07C2D256-0501-4B66-8B7E-63B74656D929}.Release|Any CPU.Build.0 = Release|Any CPU
		{D5368E15-12A8-4036-B82E-349E0F295182}.Debug|Any CPU.ActiveCfg = Debug|Any CPU
		{D5368E15-12A8-4036-B82E-349E0F295182}.Debug|Any CPU.Build.0 = Debug|Any CPU
		{D5368E15-12A8-4036-B82E-349E0F295182}.Release|Any CPU.ActiveCfg = Release|Any CPU
		{D5368E15-12A8-4036-B82E-349E0F295182}.Release|Any CPU.Build.0 = Release|Any CPU
		{6E2166D8-B022-4D69-B0C5-74832BEA4495}.Debug|Any CPU.ActiveCfg = Debug|Any CPU
		{6E2166D8-B022-4D69-B0C5-74832BEA4495}.Debug|Any CPU.Build.0 = Debug|Any CPU
		{6E2166D8-B022-4D69-B0C5-74832BEA4495}.Release|Any CPU.ActiveCfg = Release|Any CPU
		{6E2166D8-B022-4D69-B0C5-74832BEA4495}.Release|Any CPU.Build.0 = Release|Any CPU
		{8E49964C-7781-4ABF-AFC4-B2CEFE7BA63C}.Debug|Any CPU.ActiveCfg = Debug|Any CPU
		{8E49964C-7781-4ABF-AFC4-B2CEFE7BA63C}.Debug|Any CPU.Build.0 = Debug|Any CPU
		{8E49964C-7781-4ABF-AFC4-B2CEFE7BA63C}.Release|Any CPU.ActiveCfg = Release|Any CPU
		{8E49964C-7781-4ABF-AFC4-B2CEFE7BA63C}.Release|Any CPU.Build.0 = Release|Any CPU
		{99A2848A-2F40-4C1C-9789-6F2241779DE0}.Debug|Any CPU.ActiveCfg = Debug|Any CPU
		{99A2848A-2F40-4C1C-9789-6F2241779DE0}.Debug|Any CPU.Build.0 = Debug|Any CPU
		{99A2848A-2F40-4C1C-9789-6F2241779DE0}.Release|Any CPU.ActiveCfg = Release|Any CPU
		{99A2848A-2F40-4C1C-9789-6F2241779DE0}.Release|Any CPU.Build.0 = Release|Any CPU
		{3F8DE726-720C-49E2-843D-5155A89F4EC0}.Debug|Any CPU.ActiveCfg = Debug|Any CPU
		{3F8DE726-720C-49E2-843D-5155A89F4EC0}.Debug|Any CPU.Build.0 = Debug|Any CPU
		{3F8DE726-720C-49E2-843D-5155A89F4EC0}.Release|Any CPU.ActiveCfg = Release|Any CPU
		{3F8DE726-720C-49E2-843D-5155A89F4EC0}.Release|Any CPU.Build.0 = Release|Any CPU
		{09099565-1050-4E99-85A9-0730EDDC7161}.Debug|Any CPU.ActiveCfg = Debug|Any CPU
		{09099565-1050-4E99-85A9-0730EDDC7161}.Debug|Any CPU.Build.0 = Debug|Any CPU
		{09099565-1050-4E99-85A9-0730EDDC7161}.Release|Any CPU.ActiveCfg = Release|Any CPU
		{09099565-1050-4E99-85A9-0730EDDC7161}.Release|Any CPU.Build.0 = Release|Any CPU
		{3D170CA9-5FB8-4F75-AC38-188CC8FD9331}.Debug|Any CPU.ActiveCfg = Debug|Any CPU
		{3D170CA9-5FB8-4F75-AC38-188CC8FD9331}.Debug|Any CPU.Build.0 = Debug|Any CPU
		{3D170CA9-5FB8-4F75-AC38-188CC8FD9331}.Release|Any CPU.ActiveCfg = Release|Any CPU
		{3D170CA9-5FB8-4F75-AC38-188CC8FD9331}.Release|Any CPU.Build.0 = Release|Any CPU
		{73A1C4BA-7960-47C3-B111-472D979BBFD7}.Debug|Any CPU.ActiveCfg = Debug|Any CPU
		{73A1C4BA-7960-47C3-B111-472D979BBFD7}.Debug|Any CPU.Build.0 = Debug|Any CPU
		{73A1C4BA-7960-47C3-B111-472D979BBFD7}.Release|Any CPU.ActiveCfg = Release|Any CPU
		{73A1C4BA-7960-47C3-B111-472D979BBFD7}.Release|Any CPU.Build.0 = Release|Any CPU
		{F74B53E7-7C52-413D-8991-DA1CE754D5E9}.Debug|Any CPU.ActiveCfg = Debug|Any CPU
		{F74B53E7-7C52-413D-8991-DA1CE754D5E9}.Debug|Any CPU.Build.0 = Debug|Any CPU
		{F74B53E7-7C52-413D-8991-DA1CE754D5E9}.Release|Any CPU.ActiveCfg = Release|Any CPU
		{F74B53E7-7C52-413D-8991-DA1CE754D5E9}.Release|Any CPU.Build.0 = Release|Any CPU
		{9BA93241-A825-4421-BEC2-35DC35F1B170}.Debug|Any CPU.ActiveCfg = Debug|Any CPU
		{9BA93241-A825-4421-BEC2-35DC35F1B170}.Debug|Any CPU.Build.0 = Debug|Any CPU
		{9BA93241-A825-4421-BEC2-35DC35F1B170}.Release|Any CPU.ActiveCfg = Release|Any CPU
		{9BA93241-A825-4421-BEC2-35DC35F1B170}.Release|Any CPU.Build.0 = Release|Any CPU
		{E2D75C40-761F-4B39-B30A-586C4C3F1522}.Debug|Any CPU.ActiveCfg = Debug|Any CPU
		{E2D75C40-761F-4B39-B30A-586C4C3F1522}.Debug|Any CPU.Build.0 = Debug|Any CPU
		{E2D75C40-761F-4B39-B30A-586C4C3F1522}.Release|Any CPU.ActiveCfg = Release|Any CPU
		{E2D75C40-761F-4B39-B30A-586C4C3F1522}.Release|Any CPU.Build.0 = Release|Any CPU
		{F6C6D26D-AF52-42BD-B719-F6DA5B78940E}.Debug|Any CPU.ActiveCfg = Debug|Any CPU
		{F6C6D26D-AF52-42BD-B719-F6DA5B78940E}.Debug|Any CPU.Build.0 = Debug|Any CPU
		{F6C6D26D-AF52-42BD-B719-F6DA5B78940E}.Release|Any CPU.ActiveCfg = Release|Any CPU
		{F6C6D26D-AF52-42BD-B719-F6DA5B78940E}.Release|Any CPU.Build.0 = Release|Any CPU
		{6D60B99E-68D8-4E03-8F0A-BB1E6DD6EFAD}.Debug|Any CPU.ActiveCfg = Debug|Any CPU
		{6D60B99E-68D8-4E03-8F0A-BB1E6DD6EFAD}.Debug|Any CPU.Build.0 = Debug|Any CPU
		{6D60B99E-68D8-4E03-8F0A-BB1E6DD6EFAD}.Release|Any CPU.ActiveCfg = Release|Any CPU
		{6D60B99E-68D8-4E03-8F0A-BB1E6DD6EFAD}.Release|Any CPU.Build.0 = Release|Any CPU
		{B540EF14-EB76-40E7-B848-FB244CB66000}.Debug|Any CPU.ActiveCfg = Debug|Any CPU
		{B540EF14-EB76-40E7-B848-FB244CB66000}.Debug|Any CPU.Build.0 = Debug|Any CPU
		{B540EF14-EB76-40E7-B848-FB244CB66000}.Release|Any CPU.ActiveCfg = Release|Any CPU
		{B540EF14-EB76-40E7-B848-FB244CB66000}.Release|Any CPU.Build.0 = Release|Any CPU
		{2A2BF10D-81CE-49B1-A28B-7E63C34A84FF}.Debug|Any CPU.ActiveCfg = Debug|Any CPU
		{2A2BF10D-81CE-49B1-A28B-7E63C34A84FF}.Debug|Any CPU.Build.0 = Debug|Any CPU
		{2A2BF10D-81CE-49B1-A28B-7E63C34A84FF}.Release|Any CPU.ActiveCfg = Release|Any CPU
		{2A2BF10D-81CE-49B1-A28B-7E63C34A84FF}.Release|Any CPU.Build.0 = Release|Any CPU
		{B0525220-7F8E-43BD-A32C-1ADE7881AF25}.Debug|Any CPU.ActiveCfg = Debug|Any CPU
		{B0525220-7F8E-43BD-A32C-1ADE7881AF25}.Debug|Any CPU.Build.0 = Debug|Any CPU
		{B0525220-7F8E-43BD-A32C-1ADE7881AF25}.Release|Any CPU.ActiveCfg = Release|Any CPU
		{B0525220-7F8E-43BD-A32C-1ADE7881AF25}.Release|Any CPU.Build.0 = Release|Any CPU
		{2829395F-0909-41C9-8EE0-7ABAA34DB690}.Debug|Any CPU.ActiveCfg = Debug|Any CPU
		{2829395F-0909-41C9-8EE0-7ABAA34DB690}.Debug|Any CPU.Build.0 = Debug|Any CPU
		{2829395F-0909-41C9-8EE0-7ABAA34DB690}.Release|Any CPU.ActiveCfg = Release|Any CPU
		{2829395F-0909-41C9-8EE0-7ABAA34DB690}.Release|Any CPU.Build.0 = Release|Any CPU
		{04FB3532-5EF1-4C7F-B54D-846D5837A44A}.Debug|Any CPU.ActiveCfg = Debug|Any CPU
		{04FB3532-5EF1-4C7F-B54D-846D5837A44A}.Debug|Any CPU.Build.0 = Debug|Any CPU
		{04FB3532-5EF1-4C7F-B54D-846D5837A44A}.Release|Any CPU.ActiveCfg = Release|Any CPU
		{04FB3532-5EF1-4C7F-B54D-846D5837A44A}.Release|Any CPU.Build.0 = Release|Any CPU
		{0683A3B9-72E4-4E21-8417-998DAE6B6D8B}.Debug|Any CPU.ActiveCfg = Debug|Any CPU
		{0683A3B9-72E4-4E21-8417-998DAE6B6D8B}.Debug|Any CPU.Build.0 = Debug|Any CPU
		{0683A3B9-72E4-4E21-8417-998DAE6B6D8B}.Release|Any CPU.ActiveCfg = Release|Any CPU
		{0683A3B9-72E4-4E21-8417-998DAE6B6D8B}.Release|Any CPU.Build.0 = Release|Any CPU
		{AA9A97D7-CC3C-46AA-A037-FE081EEE0093}.Debug|Any CPU.ActiveCfg = Debug|Any CPU
		{AA9A97D7-CC3C-46AA-A037-FE081EEE0093}.Debug|Any CPU.Build.0 = Debug|Any CPU
		{AA9A97D7-CC3C-46AA-A037-FE081EEE0093}.Release|Any CPU.ActiveCfg = Release|Any CPU
		{AA9A97D7-CC3C-46AA-A037-FE081EEE0093}.Release|Any CPU.Build.0 = Release|Any CPU
		{4D1FC6DA-E6D8-4394-8C98-510B8B880394}.Debug|Any CPU.ActiveCfg = Debug|Any CPU
		{4D1FC6DA-E6D8-4394-8C98-510B8B880394}.Debug|Any CPU.Build.0 = Debug|Any CPU
		{4D1FC6DA-E6D8-4394-8C98-510B8B880394}.Release|Any CPU.ActiveCfg = Release|Any CPU
		{4D1FC6DA-E6D8-4394-8C98-510B8B880394}.Release|Any CPU.Build.0 = Release|Any CPU
		{BAE4EC6A-1EDD-47B1-9A7B-B4138B5A3E1E}.Debug|Any CPU.ActiveCfg = Debug|Any CPU
		{BAE4EC6A-1EDD-47B1-9A7B-B4138B5A3E1E}.Debug|Any CPU.Build.0 = Debug|Any CPU
		{BAE4EC6A-1EDD-47B1-9A7B-B4138B5A3E1E}.Release|Any CPU.ActiveCfg = Release|Any CPU
		{BAE4EC6A-1EDD-47B1-9A7B-B4138B5A3E1E}.Release|Any CPU.Build.0 = Release|Any CPU
		{D944F9AF-6520-4572-ACDD-2A743AFEB26A}.Debug|Any CPU.ActiveCfg = Debug|Any CPU
		{D944F9AF-6520-4572-ACDD-2A743AFEB26A}.Debug|Any CPU.Build.0 = Debug|Any CPU
		{D944F9AF-6520-4572-ACDD-2A743AFEB26A}.Release|Any CPU.ActiveCfg = Release|Any CPU
		{D944F9AF-6520-4572-ACDD-2A743AFEB26A}.Release|Any CPU.Build.0 = Release|Any CPU
		{1DE228EE-DD79-4237-BF95-A6D0FC6116BB}.Debug|Any CPU.ActiveCfg = Debug|Any CPU
		{1DE228EE-DD79-4237-BF95-A6D0FC6116BB}.Debug|Any CPU.Build.0 = Debug|Any CPU
		{1DE228EE-DD79-4237-BF95-A6D0FC6116BB}.Release|Any CPU.ActiveCfg = Release|Any CPU
		{1DE228EE-DD79-4237-BF95-A6D0FC6116BB}.Release|Any CPU.Build.0 = Release|Any CPU
		{727588D6-4CD4-436A-8F62-C9C52E0A7B5E}.Debug|Any CPU.ActiveCfg = Debug|Any CPU
		{727588D6-4CD4-436A-8F62-C9C52E0A7B5E}.Debug|Any CPU.Build.0 = Debug|Any CPU
		{727588D6-4CD4-436A-8F62-C9C52E0A7B5E}.Release|Any CPU.ActiveCfg = Release|Any CPU
		{727588D6-4CD4-436A-8F62-C9C52E0A7B5E}.Release|Any CPU.Build.0 = Release|Any CPU
		{DA0686B1-17F5-4C1D-AC23-7EF9CE557A17}.Debug|Any CPU.ActiveCfg = Debug|Any CPU
		{DA0686B1-17F5-4C1D-AC23-7EF9CE557A17}.Debug|Any CPU.Build.0 = Debug|Any CPU
		{DA0686B1-17F5-4C1D-AC23-7EF9CE557A17}.Release|Any CPU.ActiveCfg = Release|Any CPU
		{DA0686B1-17F5-4C1D-AC23-7EF9CE557A17}.Release|Any CPU.Build.0 = Release|Any CPU
		{030B0ABC-93E6-4FB7-B2C6-826FEC1C96EB}.Debug|Any CPU.ActiveCfg = Debug|Any CPU
		{030B0ABC-93E6-4FB7-B2C6-826FEC1C96EB}.Debug|Any CPU.Build.0 = Debug|Any CPU
		{030B0ABC-93E6-4FB7-B2C6-826FEC1C96EB}.Release|Any CPU.ActiveCfg = Release|Any CPU
		{030B0ABC-93E6-4FB7-B2C6-826FEC1C96EB}.Release|Any CPU.Build.0 = Release|Any CPU
		{73F42B42-FF7A-4A51-AA64-B5338D56A7B1}.Debug|Any CPU.ActiveCfg = Debug|Any CPU
		{73F42B42-FF7A-4A51-AA64-B5338D56A7B1}.Debug|Any CPU.Build.0 = Debug|Any CPU
		{73F42B42-FF7A-4A51-AA64-B5338D56A7B1}.Release|Any CPU.ActiveCfg = Release|Any CPU
		{73F42B42-FF7A-4A51-AA64-B5338D56A7B1}.Release|Any CPU.Build.0 = Release|Any CPU
		{5188A6A2-020E-44AB-95B8-77C2423CF8BC}.Debug|Any CPU.ActiveCfg = Debug|Any CPU
		{5188A6A2-020E-44AB-95B8-77C2423CF8BC}.Debug|Any CPU.Build.0 = Debug|Any CPU
		{5188A6A2-020E-44AB-95B8-77C2423CF8BC}.Release|Any CPU.ActiveCfg = Release|Any CPU
		{5188A6A2-020E-44AB-95B8-77C2423CF8BC}.Release|Any CPU.Build.0 = Release|Any CPU
		{B112190E-BE43-4521-AB89-A92AB3C4156D}.Debug|Any CPU.ActiveCfg = Debug|Any CPU
		{B112190E-BE43-4521-AB89-A92AB3C4156D}.Debug|Any CPU.Build.0 = Debug|Any CPU
		{B112190E-BE43-4521-AB89-A92AB3C4156D}.Release|Any CPU.ActiveCfg = Release|Any CPU
		{B112190E-BE43-4521-AB89-A92AB3C4156D}.Release|Any CPU.Build.0 = Release|Any CPU
		{C56C6973-B1C4-4F3F-8AE9-9DF2ABBEFACF}.Debug|Any CPU.ActiveCfg = Debug|Any CPU
		{C56C6973-B1C4-4F3F-8AE9-9DF2ABBEFACF}.Debug|Any CPU.Build.0 = Debug|Any CPU
		{C56C6973-B1C4-4F3F-8AE9-9DF2ABBEFACF}.Release|Any CPU.ActiveCfg = Release|Any CPU
		{C56C6973-B1C4-4F3F-8AE9-9DF2ABBEFACF}.Release|Any CPU.Build.0 = Release|Any CPU
		{90516F96-99BB-4158-B446-6DBD518485C7}.Debug|Any CPU.ActiveCfg = Debug|Any CPU
		{90516F96-99BB-4158-B446-6DBD518485C7}.Debug|Any CPU.Build.0 = Debug|Any CPU
		{90516F96-99BB-4158-B446-6DBD518485C7}.Release|Any CPU.ActiveCfg = Release|Any CPU
		{90516F96-99BB-4158-B446-6DBD518485C7}.Release|Any CPU.Build.0 = Release|Any CPU
		{94D883AB-2BAE-4E42-962E-82DAA619D75D}.Debug|Any CPU.ActiveCfg = Debug|Any CPU
		{94D883AB-2BAE-4E42-962E-82DAA619D75D}.Debug|Any CPU.Build.0 = Debug|Any CPU
		{94D883AB-2BAE-4E42-962E-82DAA619D75D}.Release|Any CPU.ActiveCfg = Release|Any CPU
		{94D883AB-2BAE-4E42-962E-82DAA619D75D}.Release|Any CPU.Build.0 = Release|Any CPU
		{8274937F-82D8-4E5E-B8A9-3928F95AE070}.Debug|Any CPU.ActiveCfg = Debug|Any CPU
		{8274937F-82D8-4E5E-B8A9-3928F95AE070}.Debug|Any CPU.Build.0 = Debug|Any CPU
		{8274937F-82D8-4E5E-B8A9-3928F95AE070}.Release|Any CPU.ActiveCfg = Release|Any CPU
		{8274937F-82D8-4E5E-B8A9-3928F95AE070}.Release|Any CPU.Build.0 = Release|Any CPU
		{B41EC042-8B6D-4094-958E-D8130C199D0A}.Debug|Any CPU.ActiveCfg = Debug|Any CPU
		{B41EC042-8B6D-4094-958E-D8130C199D0A}.Debug|Any CPU.Build.0 = Debug|Any CPU
		{B41EC042-8B6D-4094-958E-D8130C199D0A}.Release|Any CPU.ActiveCfg = Release|Any CPU
		{B41EC042-8B6D-4094-958E-D8130C199D0A}.Release|Any CPU.Build.0 = Release|Any CPU
		{BE0B3E45-1D06-4FFC-9CA1-82BC85280EC0}.Debug|Any CPU.ActiveCfg = Debug|Any CPU
		{BE0B3E45-1D06-4FFC-9CA1-82BC85280EC0}.Debug|Any CPU.Build.0 = Debug|Any CPU
		{BE0B3E45-1D06-4FFC-9CA1-82BC85280EC0}.Release|Any CPU.ActiveCfg = Release|Any CPU
		{BE0B3E45-1D06-4FFC-9CA1-82BC85280EC0}.Release|Any CPU.Build.0 = Release|Any CPU
	EndGlobalSection
	GlobalSection(SolutionProperties) = preSolution
		HideSolutionNode = FALSE
	EndGlobalSection
	GlobalSection(NestedProjects) = preSolution
		{7AC10403-4DA9-454C-A4E1-A4D00D0EBC9D} = {33B77733-DEA4-4D63-99A5-FA407AB80D6D}
		{801404AD-504A-453D-9DE4-9C3C9CB673E2} = {33B77733-DEA4-4D63-99A5-FA407AB80D6D}
		{9E6252F7-11B6-4951-A1D1-452B6848AB83} = {33B77733-DEA4-4D63-99A5-FA407AB80D6D}
		{2CBF5976-5131-49B8-B1F7-53ED0E9ED4BF} = {33B77733-DEA4-4D63-99A5-FA407AB80D6D}
		{003A9C6A-4B71-48CB-A844-A7B9FA7324FB} = {33B77733-DEA4-4D63-99A5-FA407AB80D6D}
		{6C7EE46C-ECBF-49C7-AAD6-5FFC279A9D80} = {33B77733-DEA4-4D63-99A5-FA407AB80D6D}
		{39A4C4D5-CABF-4851-9BC6-F3861823B7A4} = {33B77733-DEA4-4D63-99A5-FA407AB80D6D}
		{45DC2D0C-B4C2-4460-8D56-699E62AA8F2E} = {33B77733-DEA4-4D63-99A5-FA407AB80D6D}
		{B2646696-C1E4-4C5A-84F9-C3D6297FE8B9} = {33B77733-DEA4-4D63-99A5-FA407AB80D6D}
		{4C18E0E0-2E7C-4553-AE96-296096E29C75} = {D41C4093-83F9-4C88-961B-18E53FCFE733}
		{72EEA819-CC69-4C52-A8A5-0D5C8374C771} = {D41C4093-83F9-4C88-961B-18E53FCFE733}
		{98DB3A84-5E39-40A9-A2C7-8384CAC55D4E} = {D41C4093-83F9-4C88-961B-18E53FCFE733}
		{B32FCFC2-0B2F-466A-9666-9576FDA9767F} = {190ECC68-D9D0-4E97-836D-8866E0258632}
		{122BC03F-48DB-4930-BA38-E1C5A17D454A} = {190ECC68-D9D0-4E97-836D-8866E0258632}
		{B409E5A2-9222-4E49-A3C9-6C7AEBF1015F} = {190ECC68-D9D0-4E97-836D-8866E0258632}
		{91306092-DDD0-46DB-80D8-54FB9A7757B9} = {190ECC68-D9D0-4E97-836D-8866E0258632}
		{CC31A96A-C210-4C01-9D6C-52B410F502D3} = {190ECC68-D9D0-4E97-836D-8866E0258632}
		{D70D0A1D-12DE-4849-8700-E0C2DEE27305} = {4C18E0E0-2E7C-4553-AE96-296096E29C75}
		{A1EA24CD-3EA2-420D-B447-E985174684B6} = {4C18E0E0-2E7C-4553-AE96-296096E29C75}
		{2829395F-0909-41C9-8EE0-7ABAA34DB690} = {4C18E0E0-2E7C-4553-AE96-296096E29C75}
		{73F42B42-FF7A-4A51-AA64-B5338D56A7B1} = {4C18E0E0-2E7C-4553-AE96-296096E29C75}
		{5188A6A2-020E-44AB-95B8-77C2423CF8BC} = {4C18E0E0-2E7C-4553-AE96-296096E29C75}
		{E1FA5E79-11BE-4367-8EE2-3C31279E1663} = {4C18E0E0-2E7C-4553-AE96-296096E29C75}
		{B72B5AD8-D590-4D54-AD37-8007C87BFBB7} = {7AC10403-4DA9-454C-A4E1-A4D00D0EBC9D}
		{2D64C2F0-77DF-4A0D-AF6F-EC7C8FC2B916} = {7AC10403-4DA9-454C-A4E1-A4D00D0EBC9D}
		{1BF374EF-7309-45D4-8F4F-B299C5A0376D} = {801404AD-504A-453D-9DE4-9C3C9CB673E2}
		{F6C6D26D-AF52-42BD-B719-F6DA5B78940E} = {801404AD-504A-453D-9DE4-9C3C9CB673E2}
		{04FB3532-5EF1-4C7F-B54D-846D5837A44A} = {801404AD-504A-453D-9DE4-9C3C9CB673E2}
		{0683A3B9-72E4-4E21-8417-998DAE6B6D8B} = {801404AD-504A-453D-9DE4-9C3C9CB673E2}
		{25334201-08C8-4530-AAD1-5AE95BC8252A} = {9E6252F7-11B6-4951-A1D1-452B6848AB83}
		{99A2848A-2F40-4C1C-9789-6F2241779DE0} = {72EEA819-CC69-4C52-A8A5-0D5C8374C771}
		{73A1C4BA-7960-47C3-B111-472D979BBFD7} = {72EEA819-CC69-4C52-A8A5-0D5C8374C771}
		{284EA122-C129-4EEF-A3A9-3A2CE6C5725C} = {72EEA819-CC69-4C52-A8A5-0D5C8374C771}
		{6CA6F8BC-AA63-4AD8-B1C0-2E7F34FA81C7} = {72EEA819-CC69-4C52-A8A5-0D5C8374C771}
		{5AE56986-EA6E-4013-84DC-36DC16FE3966} = {1E43D6BC-F4FD-42AB-A329-01807A0A99A5}
		{F6EA4355-50F6-4BBC-B9C6-D02FC352A799} = {1E43D6BC-F4FD-42AB-A329-01807A0A99A5}
		{27F7BD6E-63DF-464A-941F-7D0DBC2973DC} = {1E43D6BC-F4FD-42AB-A329-01807A0A99A5}
		{86AA3BCF-E0E7-4BF2-90E1-38930BD48D05} = {1E43D6BC-F4FD-42AB-A329-01807A0A99A5}
		{B09D2AAA-E20B-45EF-987B-B327B4DC0DA1} = {5AE56986-EA6E-4013-84DC-36DC16FE3966}
		{9DFF0FEB-6EC2-4168-B035-D2E620C52675} = {5AE56986-EA6E-4013-84DC-36DC16FE3966}
		{07C2D256-0501-4B66-8B7E-63B74656D929} = {2CBF5976-5131-49B8-B1F7-53ED0E9ED4BF}
		{D5368E15-12A8-4036-B82E-349E0F295182} = {003A9C6A-4B71-48CB-A844-A7B9FA7324FB}
		{6E2166D8-B022-4D69-B0C5-74832BEA4495} = {6C7EE46C-ECBF-49C7-AAD6-5FFC279A9D80}
		{3D170CA9-5FB8-4F75-AC38-188CC8FD9331} = {98DB3A84-5E39-40A9-A2C7-8384CAC55D4E}
		{BE0B3E45-1D06-4FFC-9CA1-82BC85280EC0} = {98DB3A84-5E39-40A9-A2C7-8384CAC55D4E}
		{1B2BB4A1-86C2-4E04-9829-D9B4C4AB35EF} = {A647126F-25BB-4D4C-AFFE-D48C4DDBC57E}
		{35037B6E-78F6-4DFE-A51A-0F6B8788D11D} = {A647126F-25BB-4D4C-AFFE-D48C4DDBC57E}
		{47A7B0D2-49B1-4CC2-B307-2536B4106730} = {A647126F-25BB-4D4C-AFFE-D48C4DDBC57E}
		{F74B53E7-7C52-413D-8991-DA1CE754D5E9} = {1B2BB4A1-86C2-4E04-9829-D9B4C4AB35EF}
		{E2D75C40-761F-4B39-B30A-586C4C3F1522} = {35037B6E-78F6-4DFE-A51A-0F6B8788D11D}
		{9BA93241-A825-4421-BEC2-35DC35F1B170} = {35037B6E-78F6-4DFE-A51A-0F6B8788D11D}
		{B540EF14-EB76-40E7-B848-FB244CB66000} = {F6EA4355-50F6-4BBC-B9C6-D02FC352A799}
		{6D60B99E-68D8-4E03-8F0A-BB1E6DD6EFAD} = {F6EA4355-50F6-4BBC-B9C6-D02FC352A799}
		{2A2BF10D-81CE-49B1-A28B-7E63C34A84FF} = {39A4C4D5-CABF-4851-9BC6-F3861823B7A4}
		{B0525220-7F8E-43BD-A32C-1ADE7881AF25} = {39A4C4D5-CABF-4851-9BC6-F3861823B7A4}
		{AA9A97D7-CC3C-46AA-A037-FE081EEE0093} = {45DC2D0C-B4C2-4460-8D56-699E62AA8F2E}
		{4D1FC6DA-E6D8-4394-8C98-510B8B880394} = {45DC2D0C-B4C2-4460-8D56-699E62AA8F2E}
		{030B0ABC-93E6-4FB7-B2C6-826FEC1C96EB} = {45DC2D0C-B4C2-4460-8D56-699E62AA8F2E}
		{727588D6-4CD4-436A-8F62-C9C52E0A7B5E} = {27F7BD6E-63DF-464A-941F-7D0DBC2973DC}
		{DA0686B1-17F5-4C1D-AC23-7EF9CE557A17} = {27F7BD6E-63DF-464A-941F-7D0DBC2973DC}
		{8274937F-82D8-4E5E-B8A9-3928F95AE070} = {27F7BD6E-63DF-464A-941F-7D0DBC2973DC}
		{BAE4EC6A-1EDD-47B1-9A7B-B4138B5A3E1E} = {27F7BD6E-63DF-464A-941F-7D0DBC2973DC}
		{B41EC042-8B6D-4094-958E-D8130C199D0A} = {27F7BD6E-63DF-464A-941F-7D0DBC2973DC}
		{D944F9AF-6520-4572-ACDD-2A743AFEB26A} = {B2646696-C1E4-4C5A-84F9-C3D6297FE8B9}
		{1DE228EE-DD79-4237-BF95-A6D0FC6116BB} = {B2646696-C1E4-4C5A-84F9-C3D6297FE8B9}
		{C56C6973-B1C4-4F3F-8AE9-9DF2ABBEFACF} = {86AA3BCF-E0E7-4BF2-90E1-38930BD48D05}
		{B112190E-BE43-4521-AB89-A92AB3C4156D} = {86AA3BCF-E0E7-4BF2-90E1-38930BD48D05}
		{94D883AB-2BAE-4E42-962E-82DAA619D75D} = {47A7B0D2-49B1-4CC2-B307-2536B4106730}
		{90516F96-99BB-4158-B446-6DBD518485C7} = {47A7B0D2-49B1-4CC2-B307-2536B4106730}
		{3F8DE726-720C-49E2-843D-5155A89F4EC0} = {B32FCFC2-0B2F-466A-9666-9576FDA9767F}
		{09099565-1050-4E99-85A9-0730EDDC7161} = {B32FCFC2-0B2F-466A-9666-9576FDA9767F}
		{C83B773A-5493-4AFA-B46B-13C6C0FF11A5} = {B32FCFC2-0B2F-466A-9666-9576FDA9767F}
		{68FD2697-FAAB-4CBA-9A14-D630E3F362AF} = {B32FCFC2-0B2F-466A-9666-9576FDA9767F}
		{37D0509F-3757-4976-9CF7-55A2CE0754F6} = {122BC03F-48DB-4930-BA38-E1C5A17D454A}
		{0A078EDB-0F73-448C-B3E1-8DBAD8F88D53} = {B409E5A2-9222-4E49-A3C9-6C7AEBF1015F}
		{993EE855-6C36-49E7-AD76-AD9C9888B06B} = {91306092-DDD0-46DB-80D8-54FB9A7757B9}
		{1A9AA7EE-1548-4CBD-9E0C-CB10BBD05D24} = {91306092-DDD0-46DB-80D8-54FB9A7757B9}
		{8E49964C-7781-4ABF-AFC4-B2CEFE7BA63C} = {CC31A96A-C210-4C01-9D6C-52B410F502D3}
		{9AA93923-4186-4EA9-82DA-7126B239749F} = {CC31A96A-C210-4C01-9D6C-52B410F502D3}
		{EDA0BECF-07B9-437B-BDEC-D4AE4391D3AF} = {CC31A96A-C210-4C01-9D6C-52B410F502D3}
	EndGlobalSection
EndGlobal
